
Microsoft Visual Studio Solution File, Format Version 12.00
# Visual Studio Version 17
VisualStudioVersion = 17.5.002.0
MinimumVisualStudioVersion = 10.0.40219.1
Project("{9A19103F-16F7-4668-BE54-9A1E7A4F7556}") = "Vem", "Vem\Vem.csproj", "{B15151A9-69E2-4AB0-8CE6-8318C3F9E942}"
EndProject
Global
	GlobalSection(SolutionConfigurationPlatforms) = preSolution
		Debug|Any CPU = Debug|Any CPU
		Release|Any CPU = Release|Any CPU
	EndGlobalSection
	GlobalSection(ProjectConfigurationPlatforms) = postSolution
		{B15151A9-69E2-4AB0-8CE6-8318C3F9E942}.Debug|Any CPU.ActiveCfg = Debug|Any CPU
		{B15151A9-69E2-4AB0-8CE6-8318C3F9E942}.Debug|Any CPU.Build.0 = Debug|Any CPU
		{B15151A9-69E2-4AB0-8CE6-8318C3F9E942}.Release|Any CPU.ActiveCfg = Release|Any CPU
		{B15151A9-69E2-4AB0-8CE6-8318C3F9E942}.Release|Any CPU.Build.0 = Release|Any CPU
	EndGlobalSection
	GlobalSection(SolutionProperties) = preSolution
		HideSolutionNode = FALSE
	EndGlobalSection
	GlobalSection(ExtensibilityGlobals) = postSolution
		SolutionGuid = {EE07614C-ACBE-432F-87C7-0918B978C8ED}
	EndGlobalSection
EndGlobal
