
Microsoft Visual Studio Solution File, Format Version 12.00
# Visual Studio Version 17
VisualStudioVersion = 17.5.002.0
MinimumVisualStudioVersion = 10.0.40219.1
Project("{9A19103F-16F7-4668-BE54-9A1E7A4F7556}") = "vem", "vem.csproj", "{E234D0EC-00F1-4F52-BE3D-2E27D7D9B5CF}"
EndProject
Global
	GlobalSection(SolutionConfigurationPlatforms) = preSolution
		Debug|Any CPU = Debug|Any CPU
		Release|Any CPU = Release|Any CPU
	EndGlobalSection
	GlobalSection(ProjectConfigurationPlatforms) = postSolution
		{E234D0EC-00F1-4F52-BE3D-2E27D7D9B5CF}.Debug|Any CPU.ActiveCfg = Debug|Any CPU
		{E234D0EC-00F1-4F52-BE3D-2E27D7D9B5CF}.Debug|Any CPU.Build.0 = Debug|Any CPU
		{E234D0EC-00F1-4F52-BE3D-2E27D7D9B5CF}.Release|Any CPU.ActiveCfg = Release|Any CPU
		{E234D0EC-00F1-4F52-BE3D-2E27D7D9B5CF}.Release|Any CPU.Build.0 = Release|Any CPU
	EndGlobalSection
	GlobalSection(SolutionProperties) = preSolution
		HideSolutionNode = FALSE
	EndGlobalSection
	GlobalSection(ExtensibilityGlobals) = postSolution
		SolutionGuid = {B66A57E1-6F05-4E8E-8D93-D98E33B82DE2}
	EndGlobalSection
EndGlobal
